
Microsoft Visual Studio Solution File, Format Version 12.00
# Visual Studio Version 17
VisualStudioVersion = 17.14.36511.14 d17.14
MinimumVisualStudioVersion = 10.0.40219.1
Project("{FAE04EC0-301F-11D3-BF4B-00C04F79EFBC}") = "ConsoleAppSkillfactory", "ConsoleAppSkillfactory.csproj", "{49571A8C-4BA0-4E02-95DA-D80EA6AC050D}"
EndProject
Global
	GlobalSection(SolutionConfigurationPlatforms) = preSolution
		Debug|Any CPU = Debug|Any CPU
		Release|Any CPU = Release|Any CPU
	EndGlobalSection
	GlobalSection(ProjectConfigurationPlatforms) = postSolution
		{49571A8C-4BA0-4E02-95DA-D80EA6AC050D}.Debug|Any CPU.ActiveCfg = Debug|Any CPU
		{49571A8C-4BA0-4E02-95DA-D80EA6AC050D}.Debug|Any CPU.Build.0 = Debug|Any CPU
		{49571A8C-4BA0-4E02-95DA-D80EA6AC050D}.Release|Any CPU.ActiveCfg = Release|Any CPU
		{49571A8C-4BA0-4E02-95DA-D80EA6AC050D}.Release|Any CPU.Build.0 = Release|Any CPU
	EndGlobalSection
	GlobalSection(SolutionProperties) = preSolution
		HideSolutionNode = FALSE
	EndGlobalSection
	GlobalSection(ExtensibilityGlobals) = postSolution
		SolutionGuid = {9FC56E62-4609-4539-9B4E-2FF9CB554226}
	EndGlobalSection
EndGlobal
